
Microsoft Visual Studio Solution File, Format Version 12.00
# Visual Studio Version 17
VisualStudioVersion = 17.4.33213.308
MinimumVisualStudioVersion = 10.0.40219.1
Project("{FAE04EC0-301F-11D3-BF4B-00C04F79EFBC}") = "Studentapplication", "Practise1\Studentapplication.csproj", "{5A693EB7-1A5F-4F07-B668-7D9F4E4F02A9}"
EndProject
Global
	GlobalSection(SolutionConfigurationPlatforms) = preSolution
		Debug|Any CPU = Debug|Any CPU
		Release|Any CPU = Release|Any CPU
	EndGlobalSection
	GlobalSection(ProjectConfigurationPlatforms) = postSolution
		{5A693EB7-1A5F-4F07-B668-7D9F4E4F02A9}.Debug|Any CPU.ActiveCfg = Debug|Any CPU
		{5A693EB7-1A5F-4F07-B668-7D9F4E4F02A9}.Debug|Any CPU.Build.0 = Debug|Any CPU
		{5A693EB7-1A5F-4F07-B668-7D9F4E4F02A9}.Release|Any CPU.ActiveCfg = Release|Any CPU
		{5A693EB7-1A5F-4F07-B668-7D9F4E4F02A9}.Release|Any CPU.Build.0 = Release|Any CPU
	EndGlobalSection
	GlobalSection(SolutionProperties) = preSolution
		HideSolutionNode = FALSE
	EndGlobalSection
	GlobalSection(ExtensibilityGlobals) = postSolution
		SolutionGuid = {3A6C90B1-1B2C-4B45-9861-2D5193BDBA08}
	EndGlobalSection
EndGlobal
